
Microsoft Visual Studio Solution File, Format Version 12.00
# Visual Studio Version 17
VisualStudioVersion = 17.12.35728.132
MinimumVisualStudioVersion = 10.0.40219.1
Project("{FAE04EC0-301F-11D3-BF4B-00C04F79EFBC}") = "DataStructures", "DataStructures\DataStructures.csproj", "{EEA80890-DA58-434E-A6CB-2E04068C2FAB}"
EndProject
Project("{FAE04EC0-301F-11D3-BF4B-00C04F79EFBC}") = "DataStructureTest", "SimpleTests\DataStructureTest.csproj", "{2954CE35-94CB-4343-956B-5E5E4F4C29DC}"
EndProject
Global
	GlobalSection(SolutionConfigurationPlatforms) = preSolution
		Debug|Any CPU = Debug|Any CPU
		Release|Any CPU = Release|Any CPU
	EndGlobalSection
	GlobalSection(ProjectConfigurationPlatforms) = postSolution
		{EEA80890-DA58-434E-A6CB-2E04068C2FAB}.Debug|Any CPU.ActiveCfg = Debug|Any CPU
		{EEA80890-DA58-434E-A6CB-2E04068C2FAB}.Debug|Any CPU.Build.0 = Debug|Any CPU
		{EEA80890-DA58-434E-A6CB-2E04068C2FAB}.Release|Any CPU.ActiveCfg = Release|Any CPU
		{EEA80890-DA58-434E-A6CB-2E04068C2FAB}.Release|Any CPU.Build.0 = Release|Any CPU
		{2954CE35-94CB-4343-956B-5E5E4F4C29DC}.Debug|Any CPU.ActiveCfg = Debug|Any CPU
		{2954CE35-94CB-4343-956B-5E5E4F4C29DC}.Debug|Any CPU.Build.0 = Debug|Any CPU
		{2954CE35-94CB-4343-956B-5E5E4F4C29DC}.Release|Any CPU.ActiveCfg = Release|Any CPU
		{2954CE35-94CB-4343-956B-5E5E4F4C29DC}.Release|Any CPU.Build.0 = Release|Any CPU
	EndGlobalSection
	GlobalSection(SolutionProperties) = preSolution
		HideSolutionNode = FALSE
	EndGlobalSection
EndGlobal
